// !$*UTF8*$!
{
	archiveVersion = 1;
	classes = {
	};
	objectVersion = 48;
	objects = {

/* Begin PBXBuildFile section */
		8509FA482089347400F4CD5E /* OnboardingViewController.swift in Sources */ = {isa = PBXBuildFile; fileRef = 8509FA472089347400F4CD5E /* OnboardingViewController.swift */; };
		8509FAD8208E73B500F4CD5E /* LakeView@3x.png in Resources */ = {isa = PBXBuildFile; fileRef = 8509FAD6208E73B500F4CD5E /* LakeView@3x.png */; };
		8509FAD9208E73B500F4CD5E /* LakeView@2x.png in Resources */ = {isa = PBXBuildFile; fileRef = 8509FAD7208E73B500F4CD5E /* LakeView@2x.png */; };
		8509FADC208E73C400F4CD5E /* MicheleClark@2x.png in Resources */ = {isa = PBXBuildFile; fileRef = 8509FADA208E73C400F4CD5E /* MicheleClark@2x.png */; };
		8509FADD208E73C400F4CD5E /* MicheleClark@3x.png in Resources */ = {isa = PBXBuildFile; fileRef = 8509FADB208E73C400F4CD5E /* MicheleClark@3x.png */; };
		8509FAE1208F8E7500F4CD5E /* TabBarController.swift in Sources */ = {isa = PBXBuildFile; fileRef = 8509FAE0208F8E7500F4CD5E /* TabBarController.swift */; };
		8509FAE4208F980B00F4CD5E /* sessions.json in Resources */ = {isa = PBXBuildFile; fileRef = 8509FAE3208F980B00F4CD5E /* sessions.json */; };
		8509FAEA2098BE4F00F4CD5E /* SessionViewController.swift in Sources */ = {isa = PBXBuildFile; fileRef = 8509FAE92098BE4F00F4CD5E /* SessionViewController.swift */; };
		8509FAEC2098BF7A00F4CD5E /* SessionCollectionCell.swift in Sources */ = {isa = PBXBuildFile; fileRef = 8509FAEB2098BF7A00F4CD5E /* SessionCollectionCell.swift */; };
		8509FAF02098C43C00F4CD5E /* SessionClipView.swift in Sources */ = {isa = PBXBuildFile; fileRef = 8509FAEF2098C43C00F4CD5E /* SessionClipView.swift */; };
		857FDF0620A098E800A3E4F8 /* IntroViewController.swift in Sources */ = {isa = PBXBuildFile; fileRef = 857FDF0520A098E800A3E4F8 /* IntroViewController.swift */; };
		857FDF0820A0D2A500A3E4F8 /* UIStackView+BackgroundColor.swift in Sources */ = {isa = PBXBuildFile; fileRef = 857FDF0720A0D2A500A3E4F8 /* UIStackView+BackgroundColor.swift */; };
		A5579B4F2075BC4D008D0D52 /* SessionBadgeView.swift in Sources */ = {isa = PBXBuildFile; fileRef = A5579B4E2075BC4D008D0D52 /* SessionBadgeView.swift */; };
		A55AD822206B2E7D002562DB /* Profile.swift in Sources */ = {isa = PBXBuildFile; fileRef = A55AD821206B2E7D002562DB /* Profile.swift */; };
		A55AD824206B2E86002562DB /* Resource.swift in Sources */ = {isa = PBXBuildFile; fileRef = A55AD823206B2E86002562DB /* Resource.swift */; };
		A55AD826206B2F3B002562DB /* resources.json in Resources */ = {isa = PBXBuildFile; fileRef = A55AD825206B2F3B002562DB /* resources.json */; };
		A55AD82C206B2F6C002562DB /* profiles.json in Resources */ = {isa = PBXBuildFile; fileRef = A55AD82B206B2F6C002562DB /* profiles.json */; };
		A55AD82E206B369E002562DB /* ProfileCell.swift in Sources */ = {isa = PBXBuildFile; fileRef = A55AD82D206B369E002562DB /* ProfileCell.swift */; };
		A55AD832206B3EFF002562DB /* Marker.swift in Sources */ = {isa = PBXBuildFile; fileRef = A55AD831206B3EFF002562DB /* Marker.swift */; };
		A55AD834206B3F0B002562DB /* MarkerView.swift in Sources */ = {isa = PBXBuildFile; fileRef = A55AD833206B3F0B002562DB /* MarkerView.swift */; };
		A5835422209B507300BF284D /* SurveyViewController.swift in Sources */ = {isa = PBXBuildFile; fileRef = A5835421209B507300BF284D /* SurveyViewController.swift */; };
		A5835426209B5B3900BF284D /* ulta_at_a_glance.pdf in Resources */ = {isa = PBXBuildFile; fileRef = A5835424209B5B3900BF284D /* ulta_at_a_glance.pdf */; };
		A5835429209B5C1E00BF284D /* ulta_recrutiing.pdf in Resources */ = {isa = PBXBuildFile; fileRef = A5835428209B5C1E00BF284D /* ulta_recrutiing.pdf */; };
		A59E1AC520672E1D00C0DF3A /* AppDelegate.swift in Sources */ = {isa = PBXBuildFile; fileRef = A59E1AC420672E1D00C0DF3A /* AppDelegate.swift */; };
		A59E1ACC20672E1D00C0DF3A /* Main.storyboard in Resources */ = {isa = PBXBuildFile; fileRef = A59E1ACA20672E1D00C0DF3A /* Main.storyboard */; };
		A59E1ACE20672E1D00C0DF3A /* Assets.xcassets in Resources */ = {isa = PBXBuildFile; fileRef = A59E1ACD20672E1D00C0DF3A /* Assets.xcassets */; };
		A59E1AD120672E1D00C0DF3A /* LaunchScreen.storyboard in Resources */ = {isa = PBXBuildFile; fileRef = A59E1ACF20672E1D00C0DF3A /* LaunchScreen.storyboard */; };
		A59E1AE620672EF600C0DF3A /* ProfilesViewController.swift in Sources */ = {isa = PBXBuildFile; fileRef = A59E1AE520672EF600C0DF3A /* ProfilesViewController.swift */; };
		A59E1AE820672F0400C0DF3A /* ResourcesViewController.swift in Sources */ = {isa = PBXBuildFile; fileRef = A59E1AE720672F0400C0DF3A /* ResourcesViewController.swift */; };
		A59E1AEA20672F0D00C0DF3A /* MapViewController.swift in Sources */ = {isa = PBXBuildFile; fileRef = A59E1AE920672F0D00C0DF3A /* MapViewController.swift */; };
		A59E1AED20672F2500C0DF3A /* SessionDetailViewController.swift in Sources */ = {isa = PBXBuildFile; fileRef = A59E1AEC20672F2500C0DF3A /* SessionDetailViewController.swift */; };
		A59E1AF2206742E100C0DF3A /* Session.swift in Sources */ = {isa = PBXBuildFile; fileRef = A59E1AF1206742E100C0DF3A /* Session.swift */; };
		A59E1AF4206742FB00C0DF3A /* SessionCell.swift in Sources */ = {isa = PBXBuildFile; fileRef = A59E1AF3206742FB00C0DF3A /* SessionCell.swift */; };
		A5B9318B206C7B4B00693317 /* ResourceCell.swift in Sources */ = {isa = PBXBuildFile; fileRef = A5B9318A206C7B4B00693317 /* ResourceCell.swift */; };
		A5E9973020902313007B9CC4 /* SchoolSelectionView.swift in Sources */ = {isa = PBXBuildFile; fileRef = A5E9972F20902313007B9CC4 /* SchoolSelectionView.swift */; };
/* End PBXBuildFile section */

/* Begin PBXFileReference section */
		8509FA472089347400F4CD5E /* OnboardingViewController.swift */ = {isa = PBXFileReference; lastKnownFileType = sourcecode.swift; path = OnboardingViewController.swift; sourceTree = "<group>"; };
		8509FAD6208E73B500F4CD5E /* LakeView@3x.png */ = {isa = PBXFileReference; lastKnownFileType = image.png; path = "LakeView@3x.png"; sourceTree = "<group>"; };
		8509FAD7208E73B500F4CD5E /* LakeView@2x.png */ = {isa = PBXFileReference; lastKnownFileType = image.png; path = "LakeView@2x.png"; sourceTree = "<group>"; };
		8509FADA208E73C400F4CD5E /* MicheleClark@2x.png */ = {isa = PBXFileReference; lastKnownFileType = image.png; path = "MicheleClark@2x.png"; sourceTree = "<group>"; };
		8509FADB208E73C400F4CD5E /* MicheleClark@3x.png */ = {isa = PBXFileReference; lastKnownFileType = image.png; path = "MicheleClark@3x.png"; sourceTree = "<group>"; };
		8509FAE0208F8E7500F4CD5E /* TabBarController.swift */ = {isa = PBXFileReference; lastKnownFileType = sourcecode.swift; path = TabBarController.swift; sourceTree = "<group>"; };
		8509FAE3208F980B00F4CD5E /* sessions.json */ = {isa = PBXFileReference; fileEncoding = 4; lastKnownFileType = text.json; path = sessions.json; sourceTree = "<group>"; };
		8509FAE92098BE4F00F4CD5E /* SessionViewController.swift */ = {isa = PBXFileReference; lastKnownFileType = sourcecode.swift; path = SessionViewController.swift; sourceTree = "<group>"; };
		8509FAEB2098BF7A00F4CD5E /* SessionCollectionCell.swift */ = {isa = PBXFileReference; fileEncoding = 4; lastKnownFileType = sourcecode.swift; path = SessionCollectionCell.swift; sourceTree = "<group>"; };
		8509FAEF2098C43C00F4CD5E /* SessionClipView.swift */ = {isa = PBXFileReference; fileEncoding = 4; lastKnownFileType = sourcecode.swift; path = SessionClipView.swift; sourceTree = "<group>"; };
		857FDF0520A098E800A3E4F8 /* IntroViewController.swift */ = {isa = PBXFileReference; lastKnownFileType = sourcecode.swift; path = IntroViewController.swift; sourceTree = "<group>"; };
		857FDF0720A0D2A500A3E4F8 /* UIStackView+BackgroundColor.swift */ = {isa = PBXFileReference; lastKnownFileType = sourcecode.swift; path = "UIStackView+BackgroundColor.swift"; sourceTree = "<group>"; };
		A5579B4E2075BC4D008D0D52 /* SessionBadgeView.swift */ = {isa = PBXFileReference; fileEncoding = 4; lastKnownFileType = sourcecode.swift; path = SessionBadgeView.swift; sourceTree = "<group>"; };
		A55AD821206B2E7D002562DB /* Profile.swift */ = {isa = PBXFileReference; lastKnownFileType = sourcecode.swift; path = Profile.swift; sourceTree = "<group>"; };
		A55AD823206B2E86002562DB /* Resource.swift */ = {isa = PBXFileReference; lastKnownFileType = sourcecode.swift; path = Resource.swift; sourceTree = "<group>"; };
		A55AD825206B2F3B002562DB /* resources.json */ = {isa = PBXFileReference; lastKnownFileType = text.json; path = resources.json; sourceTree = "<group>"; };
		A55AD82B206B2F6C002562DB /* profiles.json */ = {isa = PBXFileReference; lastKnownFileType = text.json; path = profiles.json; sourceTree = "<group>"; };
		A55AD82D206B369E002562DB /* ProfileCell.swift */ = {isa = PBXFileReference; lastKnownFileType = sourcecode.swift; path = ProfileCell.swift; sourceTree = "<group>"; };
		A55AD831206B3EFF002562DB /* Marker.swift */ = {isa = PBXFileReference; lastKnownFileType = sourcecode.swift; path = Marker.swift; sourceTree = "<group>"; };
		A55AD833206B3F0B002562DB /* MarkerView.swift */ = {isa = PBXFileReference; lastKnownFileType = sourcecode.swift; path = MarkerView.swift; sourceTree = "<group>"; };
		A5835421209B507300BF284D /* SurveyViewController.swift */ = {isa = PBXFileReference; lastKnownFileType = sourcecode.swift; path = SurveyViewController.swift; sourceTree = "<group>"; };
		A5835424209B5B3900BF284D /* ulta_at_a_glance.pdf */ = {isa = PBXFileReference; lastKnownFileType = image.pdf; path = ulta_at_a_glance.pdf; sourceTree = "<group>"; };
		A5835428209B5C1E00BF284D /* ulta_recrutiing.pdf */ = {isa = PBXFileReference; lastKnownFileType = image.pdf; path = ulta_recrutiing.pdf; sourceTree = "<group>"; };
		A59E1AC120672E1D00C0DF3A /* ECC.app */ = {isa = PBXFileReference; explicitFileType = wrapper.application; includeInIndex = 0; path = ECC.app; sourceTree = BUILT_PRODUCTS_DIR; };
		A59E1AC420672E1D00C0DF3A /* AppDelegate.swift */ = {isa = PBXFileReference; lastKnownFileType = sourcecode.swift; path = AppDelegate.swift; sourceTree = "<group>"; };
		A59E1ACB20672E1D00C0DF3A /* Base */ = {isa = PBXFileReference; lastKnownFileType = file.storyboard; name = Base; path = Base.lproj/Main.storyboard; sourceTree = "<group>"; };
		A59E1ACD20672E1D00C0DF3A /* Assets.xcassets */ = {isa = PBXFileReference; lastKnownFileType = folder.assetcatalog; path = Assets.xcassets; sourceTree = "<group>"; };
		A59E1AD020672E1D00C0DF3A /* Base */ = {isa = PBXFileReference; lastKnownFileType = file.storyboard; name = Base; path = Base.lproj/LaunchScreen.storyboard; sourceTree = "<group>"; };
		A59E1AD220672E1D00C0DF3A /* Info.plist */ = {isa = PBXFileReference; lastKnownFileType = text.plist.xml; path = Info.plist; sourceTree = "<group>"; };
		A59E1AE520672EF600C0DF3A /* ProfilesViewController.swift */ = {isa = PBXFileReference; lastKnownFileType = sourcecode.swift; path = ProfilesViewController.swift; sourceTree = "<group>"; };
		A59E1AE720672F0400C0DF3A /* ResourcesViewController.swift */ = {isa = PBXFileReference; lastKnownFileType = sourcecode.swift; path = ResourcesViewController.swift; sourceTree = "<group>"; };
		A59E1AE920672F0D00C0DF3A /* MapViewController.swift */ = {isa = PBXFileReference; lastKnownFileType = sourcecode.swift; path = MapViewController.swift; sourceTree = "<group>"; };
		A59E1AEC20672F2500C0DF3A /* SessionDetailViewController.swift */ = {isa = PBXFileReference; lastKnownFileType = sourcecode.swift; path = SessionDetailViewController.swift; sourceTree = "<group>"; };
		A59E1AF1206742E100C0DF3A /* Session.swift */ = {isa = PBXFileReference; lastKnownFileType = sourcecode.swift; path = Session.swift; sourceTree = "<group>"; };
		A59E1AF3206742FB00C0DF3A /* SessionCell.swift */ = {isa = PBXFileReference; lastKnownFileType = sourcecode.swift; path = SessionCell.swift; sourceTree = "<group>"; };
		A5B9318A206C7B4B00693317 /* ResourceCell.swift */ = {isa = PBXFileReference; lastKnownFileType = sourcecode.swift; path = ResourceCell.swift; sourceTree = "<group>"; };
		A5E9972F20902313007B9CC4 /* SchoolSelectionView.swift */ = {isa = PBXFileReference; lastKnownFileType = sourcecode.swift; path = SchoolSelectionView.swift; sourceTree = "<group>"; };
/* End PBXFileReference section */

/* Begin PBXFrameworksBuildPhase section */
		A59E1ABE20672E1C00C0DF3A /* Frameworks */ = {
			isa = PBXFrameworksBuildPhase;
			buildActionMask = 2147483647;
			files = (
			);
			runOnlyForDeploymentPostprocessing = 0;
		};
/* End PBXFrameworksBuildPhase section */

/* Begin PBXGroup section */
		8509FA462089344D00F4CD5E /* Onboarding */ = {
			isa = PBXGroup;
			children = (
				A5E997312090231B007B9CC4 /* View */,
				8509FA472089347400F4CD5E /* OnboardingViewController.swift */,
				857FDF0520A098E800A3E4F8 /* IntroViewController.swift */,
			);
			path = Onboarding;
			sourceTree = "<group>";
		};
		8509FA5B208E72F600F4CD5E /* Alternate Icons */ = {
			isa = PBXGroup;
			children = (
				8509FA7B208E730B00F4CD5E /* LakeView */,
				8509FA5C208E730B00F4CD5E /* MicheleClark */,
			);
			path = "Alternate Icons";
			sourceTree = "<group>";
		};
		8509FA5C208E730B00F4CD5E /* MicheleClark */ = {
			isa = PBXGroup;
			children = (
				8509FADA208E73C400F4CD5E /* MicheleClark@2x.png */,
				8509FADB208E73C400F4CD5E /* MicheleClark@3x.png */,
			);
			path = MicheleClark;
			sourceTree = "<group>";
		};
		8509FA7B208E730B00F4CD5E /* LakeView */ = {
			isa = PBXGroup;
			children = (
				8509FAD7208E73B500F4CD5E /* LakeView@2x.png */,
				8509FAD6208E73B500F4CD5E /* LakeView@3x.png */,
			);
			path = LakeView;
			sourceTree = "<group>";
		};
		8509FAE2208F8E7B00F4CD5E /* Tab Bar */ = {
			isa = PBXGroup;
			children = (
				8509FAE0208F8E7500F4CD5E /* TabBarController.swift */,
			);
			path = "Tab Bar";
			sourceTree = "<group>";
		};
		A55AD81D206B2E4F002562DB /* Model */ = {
			isa = PBXGroup;
			children = (
				A55AD821206B2E7D002562DB /* Profile.swift */,
			);
			path = Model;
			sourceTree = "<group>";
		};
		A55AD81E206B2E57002562DB /* View */ = {
			isa = PBXGroup;
			children = (
				A55AD82D206B369E002562DB /* ProfileCell.swift */,
			);
			path = View;
			sourceTree = "<group>";
		};
		A55AD81F206B2E5E002562DB /* Model */ = {
			isa = PBXGroup;
			children = (
				A55AD823206B2E86002562DB /* Resource.swift */,
			);
			path = Model;
			sourceTree = "<group>";
		};
		A55AD820206B2E63002562DB /* View */ = {
			isa = PBXGroup;
			children = (
				A5B9318A206C7B4B00693317 /* ResourceCell.swift */,
			);
			path = View;
			sourceTree = "<group>";
		};
		A55AD82F206B3EDE002562DB /* Model */ = {
			isa = PBXGroup;
			children = (
				A55AD831206B3EFF002562DB /* Marker.swift */,
			);
			path = Model;
			sourceTree = "<group>";
		};
		A55AD830206B3EE3002562DB /* View */ = {
			isa = PBXGroup;
			children = (
				A55AD833206B3F0B002562DB /* MarkerView.swift */,
			);
			path = View;
			sourceTree = "<group>";
		};
		A5835423209B507E00BF284D /* Survey */ = {
			isa = PBXGroup;
			children = (
				A5835421209B507300BF284D /* SurveyViewController.swift */,
			);
			path = Survey;
			sourceTree = "<group>";
		};
		A583542A209B5C2600BF284D /* PDFs */ = {
			isa = PBXGroup;
			children = (
				A5835428209B5C1E00BF284D /* ulta_recrutiing.pdf */,
				A5835424209B5B3900BF284D /* ulta_at_a_glance.pdf */,
			);
			path = PDFs;
			sourceTree = "<group>";
		};
		A59E1AB820672E1C00C0DF3A = {
			isa = PBXGroup;
			children = (
				A59E1AC320672E1D00C0DF3A /* ECC */,
				A59E1AC220672E1D00C0DF3A /* Products */,
			);
			sourceTree = "<group>";
		};
		A59E1AC220672E1D00C0DF3A /* Products */ = {
			isa = PBXGroup;
			children = (
				A59E1AC120672E1D00C0DF3A /* ECC.app */,
			);
			name = Products;
			sourceTree = "<group>";
		};
		A59E1AC320672E1D00C0DF3A /* ECC */ = {
			isa = PBXGroup;
			children = (
				A59E1AC420672E1D00C0DF3A /* AppDelegate.swift */,
				A59E1AD820672E2700C0DF3A /* Controllers */,
				A59E1AD920672E3900C0DF3A /* Storyboards */,
				A59E1ADB20672E5300C0DF3A /* Resources */,
			);
			path = ECC;
			sourceTree = "<group>";
		};
		A59E1AD820672E2700C0DF3A /* Controllers */ = {
			isa = PBXGroup;
			children = (
				8509FAE2208F8E7B00F4CD5E /* Tab Bar */,
				8509FA462089344D00F4CD5E /* Onboarding */,
				A59E1ADF20672E9500C0DF3A /* Sessions */,
				A59E1AE420672ED200C0DF3A /* Profiles */,
				A59E1AE220672EBA00C0DF3A /* Resources */,
				A59E1AE320672ECA00C0DF3A /* Map */,
				A5835423209B507E00BF284D /* Survey */,
			);
			path = Controllers;
			sourceTree = "<group>";
		};
		A59E1AD920672E3900C0DF3A /* Storyboards */ = {
			isa = PBXGroup;
			children = (
				A59E1ACA20672E1D00C0DF3A /* Main.storyboard */,
				A59E1ACF20672E1D00C0DF3A /* LaunchScreen.storyboard */,
			);
			path = Storyboards;
			sourceTree = "<group>";
		};
		A59E1ADB20672E5300C0DF3A /* Resources */ = {
			isa = PBXGroup;
			children = (
				A583542A209B5C2600BF284D /* PDFs */,
				8509FA5B208E72F600F4CD5E /* Alternate Icons */,
				A59E1ADE20672E7C00C0DF3A /* Mock Web Service Responses */,
				A59E1ACD20672E1D00C0DF3A /* Assets.xcassets */,
				A59E1AD220672E1D00C0DF3A /* Info.plist */,
			);
			path = Resources;
			sourceTree = "<group>";
		};
		A59E1ADE20672E7C00C0DF3A /* Mock Web Service Responses */ = {
			isa = PBXGroup;
			children = (
				8509FAE3208F980B00F4CD5E /* sessions.json */,
				A55AD825206B2F3B002562DB /* resources.json */,
				A55AD82B206B2F6C002562DB /* profiles.json */,
			);
			path = "Mock Web Service Responses";
			sourceTree = "<group>";
		};
		A59E1ADF20672E9500C0DF3A /* Sessions */ = {
			isa = PBXGroup;
			children = (
				A59E1AEE206742BD00C0DF3A /* Model */,
				A59E1AEF206742C400C0DF3A /* View */,
				A59E1AF0206742CC00C0DF3A /* Controller */,
				8509FAE92098BE4F00F4CD5E /* SessionViewController.swift */,
			);
			path = Sessions;
			sourceTree = "<group>";
		};
		A59E1AE220672EBA00C0DF3A /* Resources */ = {
			isa = PBXGroup;
			children = (
				A55AD81F206B2E5E002562DB /* Model */,
				A55AD820206B2E63002562DB /* View */,
				A59E1AE720672F0400C0DF3A /* ResourcesViewController.swift */,
			);
			path = Resources;
			sourceTree = "<group>";
		};
		A59E1AE320672ECA00C0DF3A /* Map */ = {
			isa = PBXGroup;
			children = (
				A55AD82F206B3EDE002562DB /* Model */,
				A55AD830206B3EE3002562DB /* View */,
				A59E1AE920672F0D00C0DF3A /* MapViewController.swift */,
			);
			path = Map;
			sourceTree = "<group>";
		};
		A59E1AE420672ED200C0DF3A /* Profiles */ = {
			isa = PBXGroup;
			children = (
				A55AD81D206B2E4F002562DB /* Model */,
				A55AD81E206B2E57002562DB /* View */,
				A59E1AE520672EF600C0DF3A /* ProfilesViewController.swift */,
			);
			path = Profiles;
			sourceTree = "<group>";
		};
		A59E1AEB20672F1600C0DF3A /* Session Detail */ = {
			isa = PBXGroup;
			children = (
				A5ECFB8120A2328D004E1EC1 /* View */,
				A59E1AEC20672F2500C0DF3A /* SessionDetailViewController.swift */,
			);
			path = "Session Detail";
			sourceTree = "<group>";
		};
		A59E1AEE206742BD00C0DF3A /* Model */ = {
			isa = PBXGroup;
			children = (
				A59E1AF1206742E100C0DF3A /* Session.swift */,
			);
			path = Model;
			sourceTree = "<group>";
		};
		A59E1AEF206742C400C0DF3A /* View */ = {
			isa = PBXGroup;
			children = (
				8509FAEF2098C43C00F4CD5E /* SessionClipView.swift */,
				8509FAEB2098BF7A00F4CD5E /* SessionCollectionCell.swift */,
				A59E1AF3206742FB00C0DF3A /* SessionCell.swift */,
				A5579B4E2075BC4D008D0D52 /* SessionBadgeView.swift */,
			);
			path = View;
			sourceTree = "<group>";
		};
		A59E1AF0206742CC00C0DF3A /* Controller */ = {
			isa = PBXGroup;
			children = (
				A59E1AEB20672F1600C0DF3A /* Session Detail */,
			);
			path = Controller;
			sourceTree = "<group>";
		};
		A5E997312090231B007B9CC4 /* View */ = {
			isa = PBXGroup;
			children = (
				A5E9972F20902313007B9CC4 /* SchoolSelectionView.swift */,
			);
			path = View;
			sourceTree = "<group>";
		};
		A5ECFB8120A2328D004E1EC1 /* View */ = {
			isa = PBXGroup;
			children = (
				857FDF0720A0D2A500A3E4F8 /* UIStackView+BackgroundColor.swift */,
			);
			path = View;
			sourceTree = "<group>";
		};
/* End PBXGroup section */

/* Begin PBXNativeTarget section */
		A59E1AC020672E1C00C0DF3A /* ECC */ = {
			isa = PBXNativeTarget;
			buildConfigurationList = A59E1AD520672E1D00C0DF3A /* Build configuration list for PBXNativeTarget "ECC" */;
			buildPhases = (
				A59E1ABD20672E1C00C0DF3A /* Sources */,
				A59E1ABE20672E1C00C0DF3A /* Frameworks */,
				A59E1ABF20672E1C00C0DF3A /* Resources */,
			);
			buildRules = (
			);
			dependencies = (
			);
			name = ECC;
			productName = ECC;
			productReference = A59E1AC120672E1D00C0DF3A /* ECC.app */;
			productType = "com.apple.product-type.application";
		};
/* End PBXNativeTarget section */

/* Begin PBXProject section */
		A59E1AB920672E1C00C0DF3A /* Project object */ = {
			isa = PBXProject;
			attributes = {
				LastSwiftUpdateCheck = 0920;
				LastUpgradeCheck = 0930;
				ORGANIZATIONNAME = "Nicholas Eby";
				TargetAttributes = {
					A59E1AC020672E1C00C0DF3A = {
						CreatedOnToolsVersion = 9.2;
						ProvisioningStyle = Automatic;
					};
				};
			};
			buildConfigurationList = A59E1ABC20672E1C00C0DF3A /* Build configuration list for PBXProject "ECC" */;
			compatibilityVersion = "Xcode 8.0";
			developmentRegion = en;
			hasScannedForEncodings = 0;
			knownRegions = (
				en,
				Base,
			);
			mainGroup = A59E1AB820672E1C00C0DF3A;
			productRefGroup = A59E1AC220672E1D00C0DF3A /* Products */;
			projectDirPath = "";
			projectRoot = "";
			targets = (
				A59E1AC020672E1C00C0DF3A /* ECC */,
			);
		};
/* End PBXProject section */

/* Begin PBXResourcesBuildPhase section */
		A59E1ABF20672E1C00C0DF3A /* Resources */ = {
			isa = PBXResourcesBuildPhase;
			buildActionMask = 2147483647;
			files = (
				8509FADD208E73C400F4CD5E /* MicheleClark@3x.png in Resources */,
				A59E1AD120672E1D00C0DF3A /* LaunchScreen.storyboard in Resources */,
				8509FADC208E73C400F4CD5E /* MicheleClark@2x.png in Resources */,
				A59E1ACE20672E1D00C0DF3A /* Assets.xcassets in Resources */,
				8509FAE4208F980B00F4CD5E /* sessions.json in Resources */,
				A55AD82C206B2F6C002562DB /* profiles.json in Resources */,
				A5835429209B5C1E00BF284D /* ulta_recrutiing.pdf in Resources */,
				A55AD826206B2F3B002562DB /* resources.json in Resources */,
				8509FAD8208E73B500F4CD5E /* LakeView@3x.png in Resources */,
				8509FAD9208E73B500F4CD5E /* LakeView@2x.png in Resources */,
				A5835426209B5B3900BF284D /* ulta_at_a_glance.pdf in Resources */,
				A59E1ACC20672E1D00C0DF3A /* Main.storyboard in Resources */,
			);
			runOnlyForDeploymentPostprocessing = 0;
		};
/* End PBXResourcesBuildPhase section */

/* Begin PBXSourcesBuildPhase section */
		A59E1ABD20672E1C00C0DF3A /* Sources */ = {
			isa = PBXSourcesBuildPhase;
			buildActionMask = 2147483647;
			files = (
				857FDF0620A098E800A3E4F8 /* IntroViewController.swift in Sources */,
				A59E1AF4206742FB00C0DF3A /* SessionCell.swift in Sources */,
				A5E9973020902313007B9CC4 /* SchoolSelectionView.swift in Sources */,
				A55AD822206B2E7D002562DB /* Profile.swift in Sources */,
				A59E1AF2206742E100C0DF3A /* Session.swift in Sources */,
				A5579B4F2075BC4D008D0D52 /* SessionBadgeView.swift in Sources */,
				A55AD824206B2E86002562DB /* Resource.swift in Sources */,
				A5B9318B206C7B4B00693317 /* ResourceCell.swift in Sources */,
				8509FAE1208F8E7500F4CD5E /* TabBarController.swift in Sources */,
				A59E1AC520672E1D00C0DF3A /* AppDelegate.swift in Sources */,
				8509FAF02098C43C00F4CD5E /* SessionClipView.swift in Sources */,
				A59E1AE620672EF600C0DF3A /* ProfilesViewController.swift in Sources */,
				A59E1AE820672F0400C0DF3A /* ResourcesViewController.swift in Sources */,
				A5835422209B507300BF284D /* SurveyViewController.swift in Sources */,
				A55AD834206B3F0B002562DB /* MarkerView.swift in Sources */,
				857FDF0820A0D2A500A3E4F8 /* UIStackView+BackgroundColor.swift in Sources */,
				A59E1AEA20672F0D00C0DF3A /* MapViewController.swift in Sources */,
				8509FAEA2098BE4F00F4CD5E /* SessionViewController.swift in Sources */,
				8509FA482089347400F4CD5E /* OnboardingViewController.swift in Sources */,
				A55AD832206B3EFF002562DB /* Marker.swift in Sources */,
				A55AD82E206B369E002562DB /* ProfileCell.swift in Sources */,
				A59E1AED20672F2500C0DF3A /* SessionDetailViewController.swift in Sources */,
				8509FAEC2098BF7A00F4CD5E /* SessionCollectionCell.swift in Sources */,
			);
			runOnlyForDeploymentPostprocessing = 0;
		};
/* End PBXSourcesBuildPhase section */

/* Begin PBXVariantGroup section */
		A59E1ACA20672E1D00C0DF3A /* Main.storyboard */ = {
			isa = PBXVariantGroup;
			children = (
				A59E1ACB20672E1D00C0DF3A /* Base */,
			);
			name = Main.storyboard;
			sourceTree = "<group>";
		};
		A59E1ACF20672E1D00C0DF3A /* LaunchScreen.storyboard */ = {
			isa = PBXVariantGroup;
			children = (
				A59E1AD020672E1D00C0DF3A /* Base */,
			);
			name = LaunchScreen.storyboard;
			sourceTree = "<group>";
		};
/* End PBXVariantGroup section */

/* Begin XCBuildConfiguration section */
		A59E1AD320672E1D00C0DF3A /* Debug */ = {
			isa = XCBuildConfiguration;
			buildSettings = {
				ALWAYS_SEARCH_USER_PATHS = NO;
				CLANG_ANALYZER_NONNULL = YES;
				CLANG_ANALYZER_NUMBER_OBJECT_CONVERSION = YES_AGGRESSIVE;
				CLANG_CXX_LANGUAGE_STANDARD = "gnu++14";
				CLANG_CXX_LIBRARY = "libc++";
				CLANG_ENABLE_MODULES = YES;
				CLANG_ENABLE_OBJC_ARC = YES;
				CLANG_WARN_BLOCK_CAPTURE_AUTORELEASING = YES;
				CLANG_WARN_BOOL_CONVERSION = YES;
				CLANG_WARN_COMMA = YES;
				CLANG_WARN_CONSTANT_CONVERSION = YES;
				CLANG_WARN_DEPRECATED_OBJC_IMPLEMENTATIONS = YES;
				CLANG_WARN_DIRECT_OBJC_ISA_USAGE = YES_ERROR;
				CLANG_WARN_DOCUMENTATION_COMMENTS = YES;
				CLANG_WARN_EMPTY_BODY = YES;
				CLANG_WARN_ENUM_CONVERSION = YES;
				CLANG_WARN_INFINITE_RECURSION = YES;
				CLANG_WARN_INT_CONVERSION = YES;
				CLANG_WARN_NON_LITERAL_NULL_CONVERSION = YES;
				CLANG_WARN_OBJC_IMPLICIT_RETAIN_SELF = YES;
				CLANG_WARN_OBJC_LITERAL_CONVERSION = YES;
				CLANG_WARN_OBJC_ROOT_CLASS = YES_ERROR;
				CLANG_WARN_RANGE_LOOP_ANALYSIS = YES;
				CLANG_WARN_STRICT_PROTOTYPES = YES;
				CLANG_WARN_SUSPICIOUS_MOVE = YES;
				CLANG_WARN_UNGUARDED_AVAILABILITY = YES_AGGRESSIVE;
				CLANG_WARN_UNREACHABLE_CODE = YES;
				CLANG_WARN__DUPLICATE_METHOD_MATCH = YES;
				CODE_SIGN_IDENTITY = "iPhone Developer";
				COPY_PHASE_STRIP = NO;
				DEBUG_INFORMATION_FORMAT = dwarf;
				ENABLE_STRICT_OBJC_MSGSEND = YES;
				ENABLE_TESTABILITY = YES;
				GCC_C_LANGUAGE_STANDARD = gnu11;
				GCC_DYNAMIC_NO_PIC = NO;
				GCC_NO_COMMON_BLOCKS = YES;
				GCC_OPTIMIZATION_LEVEL = 0;
				GCC_PREPROCESSOR_DEFINITIONS = (
					"DEBUG=1",
					"$(inherited)",
				);
				GCC_WARN_64_TO_32_BIT_CONVERSION = YES;
				GCC_WARN_ABOUT_RETURN_TYPE = YES_ERROR;
				GCC_WARN_UNDECLARED_SELECTOR = YES;
				GCC_WARN_UNINITIALIZED_AUTOS = YES_AGGRESSIVE;
				GCC_WARN_UNUSED_FUNCTION = YES;
				GCC_WARN_UNUSED_VARIABLE = YES;
				IPHONEOS_DEPLOYMENT_TARGET = 11.0;
				MTL_ENABLE_DEBUG_INFO = YES;
				ONLY_ACTIVE_ARCH = YES;
				SDKROOT = iphoneos;
				SWIFT_ACTIVE_COMPILATION_CONDITIONS = DEBUG;
				SWIFT_OPTIMIZATION_LEVEL = "-Onone";
			};
			name = Debug;
		};
		A59E1AD420672E1D00C0DF3A /* Release */ = {
			isa = XCBuildConfiguration;
			buildSettings = {
				ALWAYS_SEARCH_USER_PATHS = NO;
				CLANG_ANALYZER_NONNULL = YES;
				CLANG_ANALYZER_NUMBER_OBJECT_CONVERSION = YES_AGGRESSIVE;
				CLANG_CXX_LANGUAGE_STANDARD = "gnu++14";
				CLANG_CXX_LIBRARY = "libc++";
				CLANG_ENABLE_MODULES = YES;
				CLANG_ENABLE_OBJC_ARC = YES;
				CLANG_WARN_BLOCK_CAPTURE_AUTORELEASING = YES;
				CLANG_WARN_BOOL_CONVERSION = YES;
				CLANG_WARN_COMMA = YES;
				CLANG_WARN_CONSTANT_CONVERSION = YES;
				CLANG_WARN_DEPRECATED_OBJC_IMPLEMENTATIONS = YES;
				CLANG_WARN_DIRECT_OBJC_ISA_USAGE = YES_ERROR;
				CLANG_WARN_DOCUMENTATION_COMMENTS = YES;
				CLANG_WARN_EMPTY_BODY = YES;
				CLANG_WARN_ENUM_CONVERSION = YES;
				CLANG_WARN_INFINITE_RECURSION = YES;
				CLANG_WARN_INT_CONVERSION = YES;
				CLANG_WARN_NON_LITERAL_NULL_CONVERSION = YES;
				CLANG_WARN_OBJC_IMPLICIT_RETAIN_SELF = YES;
				CLANG_WARN_OBJC_LITERAL_CONVERSION = YES;
				CLANG_WARN_OBJC_ROOT_CLASS = YES_ERROR;
				CLANG_WARN_RANGE_LOOP_ANALYSIS = YES;
				CLANG_WARN_STRICT_PROTOTYPES = YES;
				CLANG_WARN_SUSPICIOUS_MOVE = YES;
				CLANG_WARN_UNGUARDED_AVAILABILITY = YES_AGGRESSIVE;
				CLANG_WARN_UNREACHABLE_CODE = YES;
				CLANG_WARN__DUPLICATE_METHOD_MATCH = YES;
				CODE_SIGN_IDENTITY = "iPhone Developer";
				COPY_PHASE_STRIP = NO;
				DEBUG_INFORMATION_FORMAT = "dwarf-with-dsym";
				ENABLE_NS_ASSERTIONS = NO;
				ENABLE_STRICT_OBJC_MSGSEND = YES;
				GCC_C_LANGUAGE_STANDARD = gnu11;
				GCC_NO_COMMON_BLOCKS = YES;
				GCC_WARN_64_TO_32_BIT_CONVERSION = YES;
				GCC_WARN_ABOUT_RETURN_TYPE = YES_ERROR;
				GCC_WARN_UNDECLARED_SELECTOR = YES;
				GCC_WARN_UNINITIALIZED_AUTOS = YES_AGGRESSIVE;
				GCC_WARN_UNUSED_FUNCTION = YES;
				GCC_WARN_UNUSED_VARIABLE = YES;
				IPHONEOS_DEPLOYMENT_TARGET = 11.0;
				MTL_ENABLE_DEBUG_INFO = NO;
				SDKROOT = iphoneos;
				SWIFT_OPTIMIZATION_LEVEL = "-Owholemodule";
				VALIDATE_PRODUCT = YES;
			};
			name = Release;
		};
		A59E1AD620672E1D00C0DF3A /* Debug */ = {
			isa = XCBuildConfiguration;
			buildSettings = {
				ASSETCATALOG_COMPILER_APPICON_NAME = AppIcon;
				CODE_SIGN_STYLE = Automatic;
				DEVELOPMENT_TEAM = T4562QZ3Y4;
				INFOPLIST_FILE = ECC/Resources/Info.plist;
				IPHONEOS_DEPLOYMENT_TARGET = 11.0;
				LD_RUNPATH_SEARCH_PATHS = "$(inherited) @executable_path/Frameworks";
				PRODUCT_BUNDLE_IDENTIFIER = com.nicholasleby.ecc;
				PRODUCT_NAME = "$(TARGET_NAME)";
				SWIFT_VERSION = 4.0;
				TARGETED_DEVICE_FAMILY = 1;
			};
			name = Debug;
		};
		A59E1AD720672E1D00C0DF3A /* Release */ = {
			isa = XCBuildConfiguration;
			buildSettings = {
				ASSETCATALOG_COMPILER_APPICON_NAME = AppIcon;
				CODE_SIGN_STYLE = Automatic;
				DEVELOPMENT_TEAM = T4562QZ3Y4;
				INFOPLIST_FILE = ECC/Resources/Info.plist;
				IPHONEOS_DEPLOYMENT_TARGET = 11.0;
				LD_RUNPATH_SEARCH_PATHS = "$(inherited) @executable_path/Frameworks";
				PRODUCT_BUNDLE_IDENTIFIER = com.nicholasleby.ecc;
				PRODUCT_NAME = "$(TARGET_NAME)";
				SWIFT_VERSION = 4.0;
				TARGETED_DEVICE_FAMILY = 1;
			};
			name = Release;
		};
/* End XCBuildConfiguration section */

/* Begin XCConfigurationList section */
		A59E1ABC20672E1C00C0DF3A /* Build configuration list for PBXProject "ECC" */ = {
			isa = XCConfigurationList;
			buildConfigurations = (
				A59E1AD320672E1D00C0DF3A /* Debug */,
				A59E1AD420672E1D00C0DF3A /* Release */,
			);
			defaultConfigurationIsVisible = 0;
			defaultConfigurationName = Release;
		};
		A59E1AD520672E1D00C0DF3A /* Build configuration list for PBXNativeTarget "ECC" */ = {
			isa = XCConfigurationList;
			buildConfigurations = (
				A59E1AD620672E1D00C0DF3A /* Debug */,
				A59E1AD720672E1D00C0DF3A /* Release */,
			);
			defaultConfigurationIsVisible = 0;
			defaultConfigurationName = Release;
		};
/* End XCConfigurationList section */
	};
	rootObject = A59E1AB920672E1C00C0DF3A /* Project object */;
}
